{
  "name": "@anio-software/pkg.node-fs-path-type",
  "version": "0.0.23",
  "lockfileVersion": 3,
  "requires": true,
  "packages": {
    "": {
      "name": "@anio-software/pkg.node-fs-path-type",
      "version": "0.0.23",
      "license": "MIT",
      "devDependencies": {
        "@anio-software/enkore": "^0.0.215",
        "@anio-software/enkore.core": "^0.13.1",
        "@anio-software/enkore.target-js-node": "^0.0.483",
        "@anio-software/pkg-private.node-consistent-fs": "^0.0.6"
      }
    },
    "node_modules/@anio-software/enkore": {
      "version": "0.0.215",
      "resolved": "https://npm-registry.anio.software/@anio-software/enkore/-/enkore-0.0.215.tgz",
      "integrity": "sha512-/XJul/XNN/b6yKQkYuXKcr+M/2neKb2b+bWbHkAKaguyRvw3vzXxiFQ44Aaa26mzT39kq8O0poAIBOEMXo3PGg==",
      "dev": true,
      "license": "MIT",
      "bin": {
        "enkore": "bin/enkore.mjs"
      },
      "engines": {
        "node": ">=23.6.x"
      }
    },
    "node_modules/@anio-software/enkore.core": {
      "version": "0.13.1",
      "resolved": "https://npm-registry.anio.software/@anio-software/enkore.core/-/enkore.core-0.13.1.tgz",
      "integrity": "sha512-l9rf04AUQEbeA0jBa7OqHblJnw1K3xxPikV6jgcfwb+dDKRYR2mRz9ZitaHvuqj6O8anqVdboy5eDQak9ezG0g==",
      "dev": true,
      "license": "MIT",
      "engines": {
        "node": ">=23.6.x"
      }
    },
    "node_modules/@anio-software/enkore.js-runtime": {
      "version": "0.0.40",
      "resolved": "https://npm-registry.anio.software/@anio-software/enkore.js-runtime/-/enkore.js-runtime-0.0.40.tgz",
      "integrity": "sha512-VqgF38np7jPQwQVzP6IjRTiau1Zgil83sxxth+qsW5OD4R0J7PXpHIJDV7FCissZvnW2k02Osac2U2wCMwoLvw==",
      "dev": true,
      "license": "MIT",
      "peer": true,
      "engines": {
        "node": ">=23.6.x"
      }
    },
    "node_modules/@anio-software/enkore.target-js-node": {
      "version": "0.0.483",
      "resolved": "https://npm-registry.anio.software/@anio-software/enkore.target-js-node/-/enkore.target-js-node-0.0.483.tgz",
      "integrity": "sha512-/n/mCF+Pi8tgJ3cip/Gx4Trokb8zDiN2oxpWiuOFyQGkFBdy6i0w0ZCixjiVJgdNDIP5iBzTd2WTt0hvv1zF6Q==",
      "dev": true,
      "license": "MIT",
      "peerDependencies": {
        "@anio-software/enkore.js-runtime": ">=0.0.40",
        "@types/node": ">=22.7.x"
      }
    },
    "node_modules/@anio-software/pkg-private.node-consistent-fs": {
      "version": "0.0.6",
      "resolved": "https://npm-registry.anio.software/@anio-software/pkg-private.node-consistent-fs/-/pkg-private.node-consistent-fs-0.0.6.tgz",
      "integrity": "sha512-ealzl4kfuhHwV+M5m365hUbfmsn/pSL35J/mW3a6gGbJ+RVJCTMcw8iedqrSI2iMpXBiKtb7SlpxBsofDdAf2Q==",
      "dev": true,
      "license": "MIT",
      "engines": {
        "node": ">=23.6.x"
      }
    },
    "node_modules/@types/node": {
      "version": "24.0.10",
      "resolved": "https://registry.npmjs.org/@types/node/-/node-24.0.10.tgz",
      "integrity": "sha512-ENHwaH+JIRTDIEEbDK6QSQntAYGtbvdDXnMXnZaZ6k13Du1dPMmprkEHIL7ok2Wl2aZevetwTAb5S+7yIF+enA==",
      "dev": true,
      "license": "MIT",
      "peer": true,
      "dependencies": {
        "undici-types": "~7.8.0"
      }
    },
    "node_modules/undici-types": {
      "version": "7.8.0",
      "resolved": "https://registry.npmjs.org/undici-types/-/undici-types-7.8.0.tgz",
      "integrity": "sha512-9UJ2xGDvQ43tYyVMpuHlsgApydB8ZKfVYTsLDhXkFL/6gfkp+U8xTGdh8pMJv1SpZna0zxG1DwsKZsreLbXBxw==",
      "dev": true,
      "license": "MIT",
      "peer": true
    }
  }
}
