{
  "name": "@anio-software/pkg.node-fs-path-type",
  "version": "0.0.0",
  "lockfileVersion": 3,
  "requires": true,
  "packages": {
    "": {
      "name": "@anio-software/pkg.node-fs-path-type",
      "version": "0.0.0",
      "license": "MIT",
      "devDependencies": {
        "@anio-software/enkore": "^0.0.91",
        "@anio-software/enkore.core": "^0.11.2",
        "@anio-software/enkore.target-js-node": "^0.0.234-canary-22850f2c-c343c317",
        "@aniojs-private/node-async-sync-fs": "^0.2.1"
      }
    },
    "node_modules/@anio-software/enkore": {
      "version": "0.0.91",
      "resolved": "https://npm-registry.anio.software/@anio-software/enkore/-/enkore-0.0.91.tgz",
      "integrity": "sha512-UG5JyZ32vnUdnSnnRHcDIZXbF77fX9NRfUJXt9SQA9Ril5/G9ky8JjmyLlIYxIeS2sRpuf/u86jBfYI5KC35ZQ==",
      "dev": true,
      "license": "MIT",
      "bin": {
        "enkore": "cli.mjs"
      }
    },
    "node_modules/@anio-software/enkore.core": {
      "version": "0.11.2",
      "resolved": "https://npm-registry.anio.software/@anio-software/enkore.core/-/enkore.core-0.11.2.tgz",
      "integrity": "sha512-7Y9zKQWUHS6u8ntmQx+E740rjXNUJ/uIPFLe+ycBnQb7oRWwJv/TM22tLntSdzEat9qqONJ58p1J85dgC80z0A==",
      "dev": true,
      "license": "MIT"
    },
    "node_modules/@anio-software/enkore.target-js-node": {
      "version": "0.0.234-canary-22850f2c-c343c317",
      "resolved": "https://npm-registry.anio.software/@anio-software/enkore.target-js-node/-/enkore.target-js-node-0.0.234-canary-22850f2c-c343c317.tgz",
      "integrity": "sha512-b56e4TiCxzBnZkTi8HMUv+CRCm/sXVn0bswNxOxiNXJFaypVYP2AmCropj3uwe1s1VixhF7mrywfT/HbCNFlhg==",
      "dev": true,
      "license": "MIT",
      "peerDependencies": {
        "@types/node": ">=22.7.x"
      }
    },
    "node_modules/@aniojs-private/node-async-sync-fs": {
      "version": "0.2.1",
      "resolved": "https://registry.npmjs.org/@aniojs-private/node-async-sync-fs/-/node-async-sync-fs-0.2.1.tgz",
      "integrity": "sha512-lBV9UNDqCGLms6oFkyO+KxVuyGk8H5dQQndAARf9Zu2Jj9l3QMPTJ0D5UiUKi14QAop/ZGLlqlJzao15OXvUOA==",
      "dev": true,
      "license": "MIT",
      "engines": {
        "node": ">=22.7.x"
      },
      "peerDependencies": {
        "@types/node": ">=22.7.x"
      }
    },
    "node_modules/@types/node": {
      "version": "22.7.5",
      "resolved": "https://registry.npmjs.org/@types/node/-/node-22.7.5.tgz",
      "integrity": "sha512-jML7s2NAzMWc//QSJ1a3prpk78cOPchGvXJsC3C6R6PSMoooztvRVQEz89gmBTBY1SPMaqo5teB4uNHPdetShQ==",
      "dev": true,
      "peer": true,
      "dependencies": {
        "undici-types": "~6.19.2"
      }
    },
    "node_modules/undici-types": {
      "version": "6.19.8",
      "resolved": "https://registry.npmjs.org/undici-types/-/undici-types-6.19.8.tgz",
      "integrity": "sha512-ve2KP6f/JnbPBFyobGHuerC9g1FYGn/F8n1LWTwNxCEzd6IfqTwUQcNXgEtmmQ6DlRrC1hrSrBnCZPokRrDHjw==",
      "dev": true,
      "peer": true
    }
  }
}
