{
  "name": "@anio-software/pkg.node-fs-path-type",
  "version": "0.0.0",
  "lockfileVersion": 3,
  "requires": true,
  "packages": {
    "": {
      "name": "@anio-software/pkg.node-fs-path-type",
      "version": "0.0.0",
      "license": "MIT",
      "devDependencies": {
        "@aniojs-private/node-async-sync-fs": "^0.2.1"
      }
    },
    "node_modules/@aniojs-private/node-async-sync-fs": {
      "version": "0.2.1",
      "resolved": "https://registry.npmjs.org/@aniojs-private/node-async-sync-fs/-/node-async-sync-fs-0.2.1.tgz",
      "integrity": "sha512-lBV9UNDqCGLms6oFkyO+KxVuyGk8H5dQQndAARf9Zu2Jj9l3QMPTJ0D5UiUKi14QAop/ZGLlqlJzao15OXvUOA==",
      "dev": true,
      "license": "MIT",
      "engines": {
        "node": ">=22.7.x"
      },
      "peerDependencies": {
        "@types/node": ">=22.7.x"
      }
    },
    "node_modules/@types/node": {
      "version": "22.7.5",
      "resolved": "https://registry.npmjs.org/@types/node/-/node-22.7.5.tgz",
      "integrity": "sha512-jML7s2NAzMWc//QSJ1a3prpk78cOPchGvXJsC3C6R6PSMoooztvRVQEz89gmBTBY1SPMaqo5teB4uNHPdetShQ==",
      "dev": true,
      "peer": true,
      "dependencies": {
        "undici-types": "~6.19.2"
      }
    },
    "node_modules/undici-types": {
      "version": "6.19.8",
      "resolved": "https://registry.npmjs.org/undici-types/-/undici-types-6.19.8.tgz",
      "integrity": "sha512-ve2KP6f/JnbPBFyobGHuerC9g1FYGn/F8n1LWTwNxCEzd6IfqTwUQcNXgEtmmQ6DlRrC1hrSrBnCZPokRrDHjw==",
      "dev": true,
      "peer": true
    }
  }
}
